github.com/gomaja/go-m3ua v1.0.0 h1:vmsW362nwxs+VAsp+p/qnjLZRvWbq+vnYFDAyDN1RsI=
github.com/gomaja/go-m3ua v1.0.0/go.mod h1:MrlrSWe20jm3Zed+gFgAOFthdXqgU5DozvDYqNKv7rM=
github.com/gomaja/go-sctp v0.0.0-20260802071254-1c16b11d98d0 h1:YlZ6AS2HdT28yKgV80FQ/QrZlRIg9fcZDJUbgg/gFJE=
github.com/gomaja/go-sctp v0.0.0-20260802071254-1c16b11d98d0/go.mod h1:xBckQOVp88sgf5+VXthsPEtTQiCdNy8RTuAV1RG9LBo=
github.com/google/go-cmp v0.7.0 h1:wk8382ETsv4JYUZwIsn6YpYiWiBsYLSJiTsyBybVuN8=
github.com/google/go-cmp v0.7.0/go.mod h1:pXiqmnSA92OHEEa9HXL2W4E7lf9JzCmGVUdgjX3N/iU=
github.com/pascaldekloe/goe v0.1.1 h1:Ah6WQ56rZONR3RW3qWa2NCZ6JAVvSpUcoLBaOmYFt9Q=
github.com/pascaldekloe/goe v0.1.1/go.mod h1:KSyfaxQOh0HZPjDP1FL/kFtbqYqrALJTaMafFUIccqU=
